
Microsoft Visual Studio Solution File, Format Version 12.00
# Visual Studio Version 17
VisualStudioVersion = 17.0.31903.59
MinimumVisualStudioVersion = 10.0.40219.1
Project("{FAE04EC0-301F-11D3-BF4B-00C04F79EFBC}") = "CQRS.Core", "..\CQRS-ES\CQRS.Core\CQRS.Core.csproj", "{2D4CD6D4-77DF-4BDE-A301-0C8CEFE5CBF0}"
EndProject
Project("{2150E333-8FDC-42A3-9474-1A3956D46DE8}") = "Post.Cmd", "Post.Cmd", "{5993803E-E851-405C-A5B1-713C5A7BADF1}"
EndProject
Project("{FAE04EC0-301F-11D3-BF4B-00C04F79EFBC}") = "Post.Cmd.Api", "Post.Cmd\Post.Cmd.Api\Post.Cmd.Api.csproj", "{B1CF1789-9F00-43CF-BBCC-21A9F88A1A5F}"
EndProject
Project("{FAE04EC0-301F-11D3-BF4B-00C04F79EFBC}") = "Post.Cmd.Domain", "Post.Cmd\Post.Cmd.Domain\Post.Cmd.Domain.csproj", "{CB35C79D-D7BC-4AAE-B800-47F6940D1C0A}"
EndProject
Project("{FAE04EC0-301F-11D3-BF4B-00C04F79EFBC}") = "Post.Cmd.Infrastructure", "Post.Cmd\Post.Cmd.Infrastructure\Post.cmd.Infrastructure.csproj", "{9B5F7AA5-EE10-4701-B15E-B6567BF359D8}"
EndProject
Project("{2150E333-8FDC-42A3-9474-1A3956D46DE8}") = "Post.Query", "Post.Query", "{78C2638C-451A-44A1-BCF3-01D973ED7CAA}"
EndProject
Project("{FAE04EC0-301F-11D3-BF4B-00C04F79EFBC}") = "Post.Query.Api", "Post.Query\Post.Query.Api\Post.Query.Api.csproj", "{9F487FD9-85FC-4E93-B407-9001CDDD4F7A}"
EndProject
Project("{FAE04EC0-301F-11D3-BF4B-00C04F79EFBC}") = "Post.Query.Domain", "Post.Query\Post.Query.Domain\Post.Query.Domain.csproj", "{937F254D-D747-428B-9B8B-1F618F74227B}"
EndProject
Global
	GlobalSection(SolutionConfigurationPlatforms) = preSolution
		Debug|Any CPU = Debug|Any CPU
		Release|Any CPU = Release|Any CPU
	EndGlobalSection
	GlobalSection(SolutionProperties) = preSolution
		HideSolutionNode = FALSE
	EndGlobalSection
	GlobalSection(ProjectConfigurationPlatforms) = postSolution
		{2D4CD6D4-77DF-4BDE-A301-0C8CEFE5CBF0}.Debug|Any CPU.ActiveCfg = Debug|Any CPU
		{2D4CD6D4-77DF-4BDE-A301-0C8CEFE5CBF0}.Debug|Any CPU.Build.0 = Debug|Any CPU
		{2D4CD6D4-77DF-4BDE-A301-0C8CEFE5CBF0}.Release|Any CPU.ActiveCfg = Release|Any CPU
		{2D4CD6D4-77DF-4BDE-A301-0C8CEFE5CBF0}.Release|Any CPU.Build.0 = Release|Any CPU
		{B1CF1789-9F00-43CF-BBCC-21A9F88A1A5F}.Debug|Any CPU.ActiveCfg = Debug|Any CPU
		{B1CF1789-9F00-43CF-BBCC-21A9F88A1A5F}.Debug|Any CPU.Build.0 = Debug|Any CPU
		{B1CF1789-9F00-43CF-BBCC-21A9F88A1A5F}.Release|Any CPU.ActiveCfg = Release|Any CPU
		{B1CF1789-9F00-43CF-BBCC-21A9F88A1A5F}.Release|Any CPU.Build.0 = Release|Any CPU
		{CB35C79D-D7BC-4AAE-B800-47F6940D1C0A}.Debug|Any CPU.ActiveCfg = Debug|Any CPU
		{CB35C79D-D7BC-4AAE-B800-47F6940D1C0A}.Debug|Any CPU.Build.0 = Debug|Any CPU
		{CB35C79D-D7BC-4AAE-B800-47F6940D1C0A}.Release|Any CPU.ActiveCfg = Release|Any CPU
		{CB35C79D-D7BC-4AAE-B800-47F6940D1C0A}.Release|Any CPU.Build.0 = Release|Any CPU
		{9B5F7AA5-EE10-4701-B15E-B6567BF359D8}.Debug|Any CPU.ActiveCfg = Debug|Any CPU
		{9B5F7AA5-EE10-4701-B15E-B6567BF359D8}.Debug|Any CPU.Build.0 = Debug|Any CPU
		{9B5F7AA5-EE10-4701-B15E-B6567BF359D8}.Release|Any CPU.ActiveCfg = Release|Any CPU
		{9B5F7AA5-EE10-4701-B15E-B6567BF359D8}.Release|Any CPU.Build.0 = Release|Any CPU
		{9F487FD9-85FC-4E93-B407-9001CDDD4F7A}.Debug|Any CPU.ActiveCfg = Debug|Any CPU
		{9F487FD9-85FC-4E93-B407-9001CDDD4F7A}.Debug|Any CPU.Build.0 = Debug|Any CPU
		{9F487FD9-85FC-4E93-B407-9001CDDD4F7A}.Release|Any CPU.ActiveCfg = Release|Any CPU
		{9F487FD9-85FC-4E93-B407-9001CDDD4F7A}.Release|Any CPU.Build.0 = Release|Any CPU
		{937F254D-D747-428B-9B8B-1F618F74227B}.Debug|Any CPU.ActiveCfg = Debug|Any CPU
		{937F254D-D747-428B-9B8B-1F618F74227B}.Debug|Any CPU.Build.0 = Debug|Any CPU
		{937F254D-D747-428B-9B8B-1F618F74227B}.Release|Any CPU.ActiveCfg = Release|Any CPU
		{937F254D-D747-428B-9B8B-1F618F74227B}.Release|Any CPU.Build.0 = Release|Any CPU
	EndGlobalSection
	GlobalSection(NestedProjects) = preSolution
		{B1CF1789-9F00-43CF-BBCC-21A9F88A1A5F} = {5993803E-E851-405C-A5B1-713C5A7BADF1}
		{CB35C79D-D7BC-4AAE-B800-47F6940D1C0A} = {5993803E-E851-405C-A5B1-713C5A7BADF1}
		{9B5F7AA5-EE10-4701-B15E-B6567BF359D8} = {5993803E-E851-405C-A5B1-713C5A7BADF1}
		{9F487FD9-85FC-4E93-B407-9001CDDD4F7A} = {78C2638C-451A-44A1-BCF3-01D973ED7CAA}
		{937F254D-D747-428B-9B8B-1F618F74227B} = {78C2638C-451A-44A1-BCF3-01D973ED7CAA}
	EndGlobalSection
EndGlobal
